PATH
  remote: .
  specs:
    friday_gemini_ai (1.5.0)
      httparty (>= 0.21, < 0.25)
      logger

GEM
  remote: https://rubygems.org/
  specs:
    base64 (0.3.0)
    bigdecimal (4.1.1)
    bundler-audit (0.9.3)
      bundler (>= 1.2.0)
      thor (~> 1.0)
    csv (3.3.5)
    dotenv (3.2.0)
    httparty (0.24.2)
      csv
      mini_mime (>= 1.0.0)
      multi_xml (>= 0.5.2)
    logger (1.7.0)
    mini_mime (1.1.5)
    minitest (5.27.0)
    mocha (3.1.0)
      ruby2_keywords (>= 0.0.5)
    multi_xml (0.6.0)
    rake (13.3.1)
    ruby2_keywords (0.0.5)
    thor (1.4.0)

PLATFORMS
  arm64-darwin-24
  ruby

DEPENDENCIES
  base64
  bigdecimal (~> 4.0)
  bundler-audit (~> 0.9)
  dotenv (~> 3.2)
  friday_gemini_ai!
  httparty (>= 0.21, < 0.25)
  logger
  minitest (~> 5.0)
  mocha (~> 3.0)
  rake (~> 13.3.1)

BUNDLED WITH
   2.5.0
